
Microsoft Visual Studio Solution File, Format Version 12.00
# Visual Studio Version 17
VisualStudioVersion = 17.13.35825.156
MinimumVisualStudioVersion = 10.0.40219.1
Project("{FAE04EC0-301F-11D3-BF4B-00C04F79EFBC}") = "MagicEightBall", "MagicEightBall\MagicEightBall.csproj", "{A46072C5-E5D3-4F14-A024-8756620E6351}"
EndProject
Global
	GlobalSection(SolutionConfigurationPlatforms) = preSolution
		Debug|Any CPU = Debug|Any CPU
		Release|Any CPU = Release|Any CPU
	EndGlobalSection
	GlobalSection(ProjectConfigurationPlatforms) = postSolution
		{A46072C5-E5D3-4F14-A024-8756620E6351}.Debug|Any CPU.ActiveCfg = Debug|Any CPU
		{A46072C5-E5D3-4F14-A024-8756620E6351}.Debug|Any CPU.Build.0 = Debug|Any CPU
		{A46072C5-E5D3-4F14-A024-8756620E6351}.Release|Any CPU.ActiveCfg = Release|Any CPU
		{A46072C5-E5D3-4F14-A024-8756620E6351}.Release|Any CPU.Build.0 = Release|Any CPU
	EndGlobalSection
	GlobalSection(SolutionProperties) = preSolution
		HideSolutionNode = FALSE
	EndGlobalSection
	GlobalSection(ExtensibilityGlobals) = postSolution
		SolutionGuid = {971DBA79-BA45-4BFC-8FD1-E1773D422EF9}
	EndGlobalSection
EndGlobal
